
Microsoft Visual Studio Solution File, Format Version 12.00
# Visual Studio Version 17
VisualStudioVersion = 17.5.33627.172
MinimumVisualStudioVersion = 10.0.40219.1
Project("{FAE04EC0-301F-11D3-BF4B-00C04F79EFBC}") = "Flipkart", "Flipkart.csproj", "{723DAAFD-FB47-42B1-B24F-1DABB8DD32D5}"
EndProject
Global
	GlobalSection(SolutionConfigurationPlatforms) = preSolution
		Debug|Any CPU = Debug|Any CPU
		Release|Any CPU = Release|Any CPU
	EndGlobalSection
	GlobalSection(ProjectConfigurationPlatforms) = postSolution
		{723DAAFD-FB47-42B1-B24F-1DABB8DD32D5}.Debug|Any CPU.ActiveCfg = Debug|Any CPU
		{723DAAFD-FB47-42B1-B24F-1DABB8DD32D5}.Debug|Any CPU.Build.0 = Debug|Any CPU
		{723DAAFD-FB47-42B1-B24F-1DABB8DD32D5}.Release|Any CPU.ActiveCfg = Release|Any CPU
		{723DAAFD-FB47-42B1-B24F-1DABB8DD32D5}.Release|Any CPU.Build.0 = Release|Any CPU
	EndGlobalSection
	GlobalSection(SolutionProperties) = preSolution
		HideSolutionNode = FALSE
	EndGlobalSection
	GlobalSection(ExtensibilityGlobals) = postSolution
		SolutionGuid = {850296B4-4CFD-46A5-B74E-8E0CFEC7BC7A}
	EndGlobalSection
EndGlobal
